hash: 8ac34c2d0294367f829f5c966b914fb44b39dae0c1a2e20f4bf21752c795e715
updated: 2017-10-12T08:59:33.066111339+11:00
imports:
- name: github.com/Azure/go-ansiterm
  version: fa152c58bc15761d0200cb75fe958b89a9d4888e
  subpackages:
  - winterm
- name: github.com/boj/redistore
  version: fc113767cd6b051980f260d6dbe84b2740c46ab0
- name: github.com/cenk/backoff
  version: 32cd0c5b3aef12c76ed64aaf678f6c79736be7dc
- name: github.com/cloudfoundry-community/go-cfenv
  version: 96ad7376813bfd13c95af69ca5b4ef5725f6b335
- name: github.com/cloudfoundry/loggregatorlib
  version: 03bfd6ee4743a1a21433092663292b65aa4ee14e
  subpackages:
  - logmessage
  - signature
- name: github.com/davecgh/go-spew
  version: 6d212800a42e8ab5c146b8ace3490ee17e5225f9
  subpackages:
  - spew
- name: github.com/dgrijalva/jwt-go
  version: d2709f9f1f31ebcda9651b03077758c1f3a0018c
- name: github.com/docker/docker
  version: 4845c567eb35d68f35b0b1713a09b0c8d47fe67e
  subpackages:
  - api/types
  - api/types/blkiodev
  - api/types/container
  - api/types/filters
  - api/types/mount
  - api/types/network
  - api/types/registry
  - api/types/strslice
  - api/types/swarm
  - api/types/versions
  - opts
  - pkg/archive
  - pkg/fileutils
  - pkg/homedir
  - pkg/idtools
  - pkg/ioutils
  - pkg/jsonlog
  - pkg/jsonmessage
  - pkg/longpath
  - pkg/pools
  - pkg/promise
  - pkg/stdcopy
  - pkg/system
  - pkg/term
  - pkg/term/windows
- name: github.com/docker/go-connections
  version: e15c02316c12de00874640cd76311849de2aeed5
  subpackages:
  - nat
- name: github.com/docker/go-units
  version: 0dadbb0345b35ec7ef35e228dabb8de89a65bf52
- name: github.com/fsouza/go-dockerclient
  version: 30d142bbfdec74e09ecb4bdb89a44440ae4662ac
- name: github.com/garyburd/redigo
  version: 827b38687c49d680c6bd9ac6114111b98cc16cdf
  subpackages:
  - internal
  - redis
- name: github.com/gocraft/web
  version: 12b4630b4fee3e485b334c4d544bd9dd68fb3d4f
- name: github.com/gogo/protobuf
  version: 74b6e9deaff6ba6da1389ec97351d337f0d08b06
  subpackages:
  - proto
- name: github.com/golang/protobuf
  version: 874264fbbb43f4d91e999fecb4b40143ed611400
  subpackages:
  - proto
- name: github.com/gorilla/context
  version: a8d44e7d8e4d532b6a27a02dd82abb31cc1b01bd
- name: github.com/gorilla/csrf
  version: 50eb875b7d37289a5819742f0d60fa5c890fced9
- name: github.com/gorilla/securecookie
  version: 667fe4e3466a040b780561fe9b51a83a3753eefc
- name: github.com/gorilla/sessions
  version: ca9ada44574153444b00d3fd9c8559e4cc95f896
- name: github.com/govau/cf-common
  version: 4339d6904d2df86077fddc1a3316df657b41a3a8
- name: github.com/hashicorp/go-cleanhttp
  version: 3573b8b52aa7b37b9358d966a898feb387f62437
- name: github.com/jordan-wright/email
  version: 09f803b133a9229292871a003eb1a5b077fb32b2
- name: github.com/Microsoft/go-winio
  version: d311c76e775b5092c023569caacdbb4e569c3243
- name: github.com/mitchellh/mapstructure
  version: d2dd0262208475919e1a362f675cfc0e7c10e905
- name: github.com/Nvveen/Gotty
  version: cd527374f1e5bff4938207604a14f2e38a9cf512
- name: github.com/opencontainers/runc
  version: 2daa11574b12d2dd7f6dad3ffaa302871f21bd12
  subpackages:
  - libcontainer/system
  - libcontainer/user
- name: github.com/ory/dockertest
  version: 9d0647ae761f96a6738c5afb49688d22979b21ff
- name: github.com/pkg/errors
  version: 248dadf4e9068a0b3e79f02ed0a610d935de5302
- name: github.com/pmezard/go-difflib
  version: d8ed2627bdf02c080bf22230dbb337003b7aba2d
  subpackages:
  - difflib
- name: github.com/satori/go.uuid
  version: 879c5887cd475cd7864858769793b2ceb0d44feb
- name: github.com/Sirupsen/logrus
  version: 5b60b3d3ee017ed00bcd0225fcca7acab767844b
- name: github.com/stretchr/objx
  version: cbeaeb16a013161a98496fad62933b1d21786672
- name: github.com/stretchr/testify
  version: 69483b4bd14f5845b5a1e55bca19e954e827f1d0
  subpackages:
  - assert
  - mock
- name: github.com/yvasiyarov/go-metrics
  version: c25f46c4b94079672242ec48a545e7ca9ebe3aec
- name: github.com/yvasiyarov/gorelic
  version: 62638bfdaebd09d74b8b07366c23bdc5654866ca
- name: github.com/yvasiyarov/newrelic_platform_go
  version: 9c099fbc30e90de5bb5c5f94aa5fd08f2daeaacd
- name: golang.org/x/net
  version: 96dbb961a39ddccf16860cdd355bfa639c497f23
  subpackages:
  - context
  - context/ctxhttp
- name: golang.org/x/oauth2
  version: e86e2718db89775a4604abc10a5d3a5672e7336e
  subpackages:
  - clientcredentials
  - internal
- name: golang.org/x/sys
  version: a408501be4d17ee978c04a618e7a1b22af058c0e
  subpackages:
  - unix
  - windows
- name: google.golang.org/appengine
  version: e234e71924d4aa52444bc76f2f831f13fa1eca60
  subpackages:
  - internal
  - internal/base
  - internal/datastore
  - internal/log
  - internal/remote_api
  - internal/urlfetch
  - urlfetch
testImports: []
