hash: b7b2d728634b4196e6c1245b6654c114a3653c05102fee91fbf4edff60336d18
updated: 2016-11-20T17:24:09.261823773-05:00
imports:
- name: github.com/cloudfoundry-community/go-cfenv
  version: 96ad7376813bfd13c95af69ca5b4ef5725f6b335
- name: github.com/cloudfoundry/loggregatorlib
  version: 03bfd6ee4743a1a21433092663292b65aa4ee14e
  subpackages:
  - logmessage
  - signature
- name: github.com/gocraft/web
  version: 12b4630b4fee3e485b334c4d544bd9dd68fb3d4f
- name: github.com/gogo/protobuf
  version: 74b6e9deaff6ba6da1389ec97351d337f0d08b06
  subpackages:
  - proto
- name: github.com/golang/protobuf
  version: 7cc19b78d562895b13596ddce7aafb59dd789318
  subpackages:
  - proto
- name: github.com/gorilla/context
  version: a8d44e7d8e4d532b6a27a02dd82abb31cc1b01bd
- name: github.com/gorilla/csrf
  version: 50eb875b7d37289a5819742f0d60fa5c890fced9
- name: github.com/gorilla/securecookie
  version: 667fe4e3466a040b780561fe9b51a83a3753eefc
- name: github.com/gorilla/sessions
  version: a4e6dd28f9e9274729417506b9bd0a6c3edb91ce
- name: github.com/mitchellh/mapstructure
  version: d2dd0262208475919e1a362f675cfc0e7c10e905
- name: github.com/onsi/ginkgo
  version: 5437a97bf824dec14e58d68c56ee36e772670c2e
  subpackages:
  - config
  - internal/codelocation
  - internal/containernode
  - internal/failer
  - internal/leafnodes
  - internal/remote
  - internal/spec
  - internal/specrunner
  - internal/suite
  - internal/testingtproxy
  - internal/writer
  - reporters
  - reporters/stenographer
  - types
- name: github.com/onsi/gomega
  version: c73e51675ad2455a4515b6213eb7145eaade4824
  subpackages:
  - format
  - internal/assertion
  - internal/asyncassertion
  - internal/oraclematcher
  - internal/testingtsupport
  - matchers
  - matchers/support/goraph/bipartitegraph
  - matchers/support/goraph/edge
  - matchers/support/goraph/node
  - matchers/support/goraph/util
  - types
- name: github.com/pkg/errors
  version: 248dadf4e9068a0b3e79f02ed0a610d935de5302
- name: github.com/sclevine/agouti
  version: e5378e70dca437a9e16cc6d71a85aa0045dd94c7
  subpackages:
  - api
  - api/internal/bus
  - api/internal/service
  - internal/element
  - internal/target
  - matchers
  - matchers/internal
  - matchers/internal/colorparser
- name: github.com/yvasiyarov/go-metrics
  version: c25f46c4b94079672242ec48a545e7ca9ebe3aec
- name: github.com/yvasiyarov/gorelic
  version: 62638bfdaebd09d74b8b07366c23bdc5654866ca
- name: github.com/yvasiyarov/newrelic_platform_go
  version: 9c099fbc30e90de5bb5c5f94aa5fd08f2daeaacd
- name: golang.org/x/net
  version: 3b993948b6f0e651ffb58ba135d8538a68b1cddf
  subpackages:
  - context
- name: golang.org/x/oauth2
  version: e86e2718db89775a4604abc10a5d3a5672e7336e
  subpackages:
  - clientcredentials
  - internal
- name: google.golang.org/appengine
  version: e234e71924d4aa52444bc76f2f831f13fa1eca60
  subpackages:
  - internal
  - internal/base
  - internal/datastore
  - internal/log
  - internal/remote_api
  - internal/urlfetch
  - urlfetch
- name: gopkg.in/yaml.v2
  version: a83829b6f1293c91addabc89d0571c246397bbf4
testImports: []
