# This file is autogenerated, do not edit; changes may be undone by the next 'dep ensure'.


[[projects]]
  name = "github.com/Azure/go-ansiterm"
  packages = [".","winterm"]
  revision = "fa152c58bc15761d0200cb75fe958b89a9d4888e"

[[projects]]
  name = "github.com/Microsoft/go-winio"
  packages = ["."]
  revision = "d311c76e775b5092c023569caacdbb4e569c3243"
  version = "v0.4.0"

[[projects]]
  branch = "master"
  name = "github.com/Nvveen/Gotty"
  packages = ["."]
  revision = "cd527374f1e5bff4938207604a14f2e38a9cf512"

[[projects]]
  name = "github.com/Sirupsen/logrus"
  packages = ["."]
  revision = "5b60b3d3ee017ed00bcd0225fcca7acab767844b"

[[projects]]
  name = "github.com/boj/redistore"
  packages = ["."]
  revision = "fc113767cd6b051980f260d6dbe84b2740c46ab0"
  version = "v1.2"

[[projects]]
  name = "github.com/cenk/backoff"
  packages = ["."]
  revision = "32cd0c5b3aef12c76ed64aaf678f6c79736be7dc"
  version = "v1.0.0"

[[projects]]
  name = "github.com/cloudfoundry-community/go-cfenv"
  packages = ["."]
  revision = "96ad7376813bfd13c95af69ca5b4ef5725f6b335"
  version = "v1.14.0"

[[projects]]
  name = "github.com/cloudfoundry/loggregatorlib"
  packages = ["logmessage","signature"]
  revision = "03bfd6ee4743a1a21433092663292b65aa4ee14e"

[[projects]]
  name = "github.com/davecgh/go-spew"
  packages = ["spew"]
  revision = "6d212800a42e8ab5c146b8ace3490ee17e5225f9"

[[projects]]
  name = "github.com/docker/docker"
  packages = ["api/types","api/types/blkiodev","api/types/container","api/types/filters","api/types/mount","api/types/network","api/types/registry","api/types/strslice","api/types/swarm","api/types/versions","opts","pkg/archive","pkg/fileutils","pkg/homedir","pkg/idtools","pkg/ioutils","pkg/jsonlog","pkg/jsonmessage","pkg/longpath","pkg/pools","pkg/promise","pkg/stdcopy","pkg/system","pkg/term","pkg/term/windows"]
  revision = "4845c567eb35d68f35b0b1713a09b0c8d47fe67e"
  version = "v17.04.0-ce"

[[projects]]
  name = "github.com/docker/go-connections"
  packages = ["nat"]
  revision = "e15c02316c12de00874640cd76311849de2aeed5"

[[projects]]
  name = "github.com/docker/go-units"
  packages = ["."]
  revision = "0dadbb0345b35ec7ef35e228dabb8de89a65bf52"
  version = "v0.3.2"

[[projects]]
  name = "github.com/fsouza/go-dockerclient"
  packages = ["."]
  revision = "30d142bbfdec74e09ecb4bdb89a44440ae4662ac"

[[projects]]
  name = "github.com/garyburd/redigo"
  packages = ["internal","redis"]
  revision = "827b38687c49d680c6bd9ac6114111b98cc16cdf"

[[projects]]
  name = "github.com/gocraft/web"
  packages = ["."]
  revision = "12b4630b4fee3e485b334c4d544bd9dd68fb3d4f"

[[projects]]
  name = "github.com/gogo/protobuf"
  packages = ["proto"]
  revision = "74b6e9deaff6ba6da1389ec97351d337f0d08b06"

[[projects]]
  name = "github.com/golang/protobuf"
  packages = ["proto"]
  revision = "874264fbbb43f4d91e999fecb4b40143ed611400"

[[projects]]
  name = "github.com/gorilla/context"
  packages = ["."]
  revision = "a8d44e7d8e4d532b6a27a02dd82abb31cc1b01bd"

[[projects]]
  name = "github.com/gorilla/csrf"
  packages = ["."]
  revision = "50eb875b7d37289a5819742f0d60fa5c890fced9"
  version = "v1.4"

[[projects]]
  name = "github.com/gorilla/securecookie"
  packages = ["."]
  revision = "667fe4e3466a040b780561fe9b51a83a3753eefc"
  version = "v1.1"

[[projects]]
  name = "github.com/gorilla/sessions"
  packages = ["."]
  revision = "ca9ada44574153444b00d3fd9c8559e4cc95f896"
  version = "v1.1"

[[projects]]
  name = "github.com/govau/cf-common"
  packages = ["env"]
  revision = "5c1de868d3662201c4f8ff529479e6153624fbf8"
  version = "v0.0.2"

[[projects]]
  branch = "master"
  name = "github.com/hashicorp/go-cleanhttp"
  packages = ["."]
  revision = "3573b8b52aa7b37b9358d966a898feb387f62437"

[[projects]]
  name = "github.com/jordan-wright/email"
  packages = ["."]
  revision = "09f803b133a9229292871a003eb1a5b077fb32b2"

[[projects]]
  name = "github.com/mitchellh/mapstructure"
  packages = ["."]
  revision = "d2dd0262208475919e1a362f675cfc0e7c10e905"

[[projects]]
  name = "github.com/opencontainers/runc"
  packages = ["libcontainer/system","libcontainer/user"]
  revision = "2daa11574b12d2dd7f6dad3ffaa302871f21bd12"

[[projects]]
  name = "github.com/ory/dockertest"
  packages = ["."]
  revision = "9d0647ae761f96a6738c5afb49688d22979b21ff"
  version = "v3.0.7"

[[projects]]
  name = "github.com/pkg/errors"
  packages = ["."]
  revision = "248dadf4e9068a0b3e79f02ed0a610d935de5302"

[[projects]]
  name = "github.com/pmezard/go-difflib"
  packages = ["difflib"]
  revision = "d8ed2627bdf02c080bf22230dbb337003b7aba2d"

[[projects]]
  name = "github.com/satori/go.uuid"
  packages = ["."]
  revision = "879c5887cd475cd7864858769793b2ceb0d44feb"
  version = "v1.1.0"

[[projects]]
  name = "github.com/stretchr/objx"
  packages = ["."]
  revision = "cbeaeb16a013161a98496fad62933b1d21786672"

[[projects]]
  name = "github.com/stretchr/testify"
  packages = ["assert","mock"]
  revision = "69483b4bd14f5845b5a1e55bca19e954e827f1d0"
  version = "v1.1.4"

[[projects]]
  branch = "master"
  name = "github.com/yvasiyarov/go-metrics"
  packages = ["."]
  revision = "c25f46c4b94079672242ec48a545e7ca9ebe3aec"

[[projects]]
  name = "github.com/yvasiyarov/gorelic"
  packages = ["."]
  revision = "62638bfdaebd09d74b8b07366c23bdc5654866ca"

[[projects]]
  branch = "master"
  name = "github.com/yvasiyarov/newrelic_platform_go"
  packages = ["."]
  revision = "9c099fbc30e90de5bb5c5f94aa5fd08f2daeaacd"

[[projects]]
  name = "golang.org/x/net"
  packages = ["context","context/ctxhttp"]
  revision = "96dbb961a39ddccf16860cdd355bfa639c497f23"

[[projects]]
  name = "golang.org/x/oauth2"
  packages = [".","clientcredentials","internal"]
  revision = "e86e2718db89775a4604abc10a5d3a5672e7336e"

[[projects]]
  name = "golang.org/x/sys"
  packages = ["unix","windows"]
  revision = "a408501be4d17ee978c04a618e7a1b22af058c0e"

[[projects]]
  name = "google.golang.org/appengine"
  packages = ["internal","internal/base","internal/datastore","internal/log","internal/remote_api","internal/urlfetch","urlfetch"]
  revision = "e234e71924d4aa52444bc76f2f831f13fa1eca60"

[solve-meta]
  analyzer-name = "dep"
  analyzer-version = 1
  inputs-digest = "0567b978a21868df415db0cbe0753aa59460b36af18ce6a9a00ef76d62807019"
  solver-name = "gps-cdcl"
  solver-version = 1
